
Microsoft Visual Studio Solution File, Format Version 12.00
# Visual Studio Version 17
VisualStudioVersion = 17.5.33414.496
MinimumVisualStudioVersion = 10.0.40219.1
Project("{9A19103F-16F7-4668-BE54-9A1E7A4F7556}") = "CommandWebAPI", "CommandWebAPI.csproj", "{385BFC99-9DCB-408A-8CB5-4554BAF3C914}"
EndProject
Project("{FAE04EC0-301F-11D3-BF4B-00C04F79EFBC}") = "CommandUnitTests", "..\CommandUnitTests\CommandUnitTests.csproj", "{14F93434-EE64-4280-B2EE-9F00C37F8CD8}"
EndProject
Global
	GlobalSection(SolutionConfigurationPlatforms) = preSolution
		Debug|Any CPU = Debug|Any CPU
		Release|Any CPU = Release|Any CPU
	EndGlobalSection
	GlobalSection(ProjectConfigurationPlatforms) = postSolution
		{385BFC99-9DCB-408A-8CB5-4554BAF3C914}.Debug|Any CPU.ActiveCfg = Debug|Any CPU
		{385BFC99-9DCB-408A-8CB5-4554BAF3C914}.Debug|Any CPU.Build.0 = Debug|Any CPU
		{385BFC99-9DCB-408A-8CB5-4554BAF3C914}.Release|Any CPU.ActiveCfg = Release|Any CPU
		{385BFC99-9DCB-408A-8CB5-4554BAF3C914}.Release|Any CPU.Build.0 = Release|Any CPU
		{14F93434-EE64-4280-B2EE-9F00C37F8CD8}.Debug|Any CPU.ActiveCfg = Debug|Any CPU
		{14F93434-EE64-4280-B2EE-9F00C37F8CD8}.Debug|Any CPU.Build.0 = Debug|Any CPU
		{14F93434-EE64-4280-B2EE-9F00C37F8CD8}.Release|Any CPU.ActiveCfg = Release|Any CPU
		{14F93434-EE64-4280-B2EE-9F00C37F8CD8}.Release|Any CPU.Build.0 = Release|Any CPU
	EndGlobalSection
	GlobalSection(SolutionProperties) = preSolution
		HideSolutionNode = FALSE
	EndGlobalSection
	GlobalSection(ExtensibilityGlobals) = postSolution
		SolutionGuid = {AEE54603-35FB-499C-B355-A4FD9D2BEEB5}
	EndGlobalSection
EndGlobal
